<Solution>
  <Project Path="src/BimBridge.Host/BimBridge.Host.csproj" />
  <Project Path="src/BimBridge.AutoCAD2024/BimBridge.AutoCAD2024.csproj" />
  <Project Path="src/BimBridge.Revit2024/BimBridge.Revit2024.csproj" />
  <Project Path="tests/BimBridge.Host.Tests/BimBridge.Host.Tests.csproj" />
</Solution>
